
Microsoft Visual Studio Solution File, Format Version 12.00
# Visual Studio Version 16
VisualStudioVersion = 16.0.30011.22
MinimumVisualStudioVersion = 10.0.40219.1
Project("{FAE04EC0-301F-11D3-BF4B-00C04F79EFBC}") = "MLibrary.Business", "MLibrary.Business\MLibrary.Business.csproj", "{7D492F25-BB68-478A-AC27-D179E3B91D38}"
EndProject
Global
	GlobalSection(SolutionConfigurationPlatforms) = preSolution
		Debug|Any CPU = Debug|Any CPU
		Release|Any CPU = Release|Any CPU
	EndGlobalSection
	GlobalSection(ProjectConfigurationPlatforms) = postSolution
		{7D492F25-BB68-478A-AC27-D179E3B91D38}.Debug|Any CPU.ActiveCfg = Debug|Any CPU
		{7D492F25-BB68-478A-AC27-D179E3B91D38}.Debug|Any CPU.Build.0 = Debug|Any CPU
		{7D492F25-BB68-478A-AC27-D179E3B91D38}.Release|Any CPU.ActiveCfg = Release|Any CPU
		{7D492F25-BB68-478A-AC27-D179E3B91D38}.Release|Any CPU.Build.0 = Release|Any CPU
	EndGlobalSection
	GlobalSection(SolutionProperties) = preSolution
		HideSolutionNode = FALSE
	EndGlobalSection
	GlobalSection(ExtensibilityGlobals) = postSolution
		SolutionGuid = {06C05C05-AF4B-48DC-BB64-C9F4FCE26538}
	EndGlobalSection
EndGlobal
